// !$*UTF8*$!
{
	archiveVersion = 1;
	classes = {
	};
	objectVersion = 50;
	objects = {

/* Begin PBXBuildFile section */
		838DDBFA2152DA3800FB6C1B /* AppDelegate.swift in Sources */ = {isa = PBXBuildFile; fileRef = 838DDBF92152DA3800FB6C1B /* AppDelegate.swift */; };
		838DDBFC2152DA3800FB6C1B /* ViewController.swift in Sources */ = {isa = PBXBuildFile; fileRef = 838DDBFB2152DA3800FB6C1B /* ViewController.swift */; };
		838DDBFF2152DA3800FB6C1B /* Main.storyboard in Resources */ = {isa = PBXBuildFile; fileRef = 838DDBFD2152DA3800FB6C1B /* Main.storyboard */; };
		838DDC022152DA3800FB6C1B /* SmartFish.xcdatamodeld in Sources */ = {isa = PBXBuildFile; fileRef = 838DDC002152DA3800FB6C1B /* SmartFish.xcdatamodeld */; };
		838DDC042152DA3800FB6C1B /* Assets.xcassets in Resources */ = {isa = PBXBuildFile; fileRef = 838DDC032152DA3800FB6C1B /* Assets.xcassets */; };
		838DDC072152DA3800FB6C1B /* LaunchScreen.storyboard in Resources */ = {isa = PBXBuildFile; fileRef = 838DDC052152DA3800FB6C1B /* LaunchScreen.storyboard */; };
/* End PBXBuildFile section */

/* Begin PBXFileReference section */
		838DDBF62152DA3800FB6C1B /* SmartFish.app */ = {isa = PBXFileReference; explicitFileType = wrapper.application; includeInIndex = 0; path = SmartFish.app; sourceTree = BUILT_PRODUCTS_DIR; };
		838DDBF92152DA3800FB6C1B /* AppDelegate.swift */ = {isa = PBXFileReference; lastKnownFileType = sourcecode.swift; path = AppDelegate.swift; sourceTree = "<group>"; };
		838DDBFB2152DA3800FB6C1B /* ViewController.swift */ = {isa = PBXFileReference; lastKnownFileType = sourcecode.swift; path = ViewController.swift; sourceTree = "<group>"; };
		838DDBFE2152DA3800FB6C1B /* Base */ = {isa = PBXFileReference; lastKnownFileType = file.storyboard; name = Base; path = Base.lproj/Main.storyboard; sourceTree = "<group>"; };
		838DDC012152DA3800FB6C1B /* SmartFish.xcdatamodel */ = {isa = PBXFileReference; lastKnownFileType = wrapper.xcdatamodel; path = SmartFish.xcdatamodel; sourceTree = "<group>"; };
		838DDC032152DA3800FB6C1B /* Assets.xcassets */ = {isa = PBXFileReference; lastKnownFileType = folder.assetcatalog; path = Assets.xcassets; sourceTree = "<group>"; };
		838DDC062152DA3800FB6C1B /* Base */ = {isa = PBXFileReference; lastKnownFileType = file.storyboard; name = Base; path = Base.lproj/LaunchScreen.storyboard; sourceTree = "<group>"; };
		838DDC082152DA3800FB6C1B /* Info.plist */ = {isa = PBXFileReference; lastKnownFileType = text.plist.xml; path = Info.plist; sourceTree = "<group>"; };
/* End PBXFileReference section */

/* Begin PBXFrameworksBuildPhase section */
		838DDBF32152DA3800FB6C1B /* Frameworks */ = {
			isa = PBXFrameworksBuildPhase;
			buildActionMask = 2147483647;
			files = (
			);
			runOnlyForDeploymentPostprocessing = 0;
		};
/* End PBXFrameworksBuildPhase section */

/* Begin PBXGroup section */
		838DDBED2152DA3800FB6C1B = {
			isa = PBXGroup;
			children = (
				838DDBF82152DA3800FB6C1B /* SmartFish */,
				838DDBF72152DA3800FB6C1B /* Products */,
			);
			sourceTree = "<group>";
		};
		838DDBF72152DA3800FB6C1B /* Products */ = {
			isa = PBXGroup;
			children = (
				838DDBF62152DA3800FB6C1B /* SmartFish.app */,
			);
			name = Products;
			sourceTree = "<group>";
		};
		838DDBF82152DA3800FB6C1B /* SmartFish */ = {
			isa = PBXGroup;
			children = (
				838DDBF92152DA3800FB6C1B /* AppDelegate.swift */,
				838DDBFB2152DA3800FB6C1B /* ViewController.swift */,
				838DDBFD2152DA3800FB6C1B /* Main.storyboard */,
				838DDC032152DA3800FB6C1B /* Assets.xcassets */,
				838DDC052152DA3800FB6C1B /* LaunchScreen.storyboard */,
				838DDC082152DA3800FB6C1B /* Info.plist */,
				838DDC002152DA3800FB6C1B /* SmartFish.xcdatamodeld */,
			);
			path = SmartFish;
			sourceTree = "<group>";
		};
/* End PBXGroup section */

/* Begin PBXNativeTarget section */
		838DDBF52152DA3800FB6C1B /* SmartFish */ = {
			isa = PBXNativeTarget;
			buildConfigurationList = 838DDC0B2152DA3800FB6C1B /* Build configuration list for PBXNativeTarget "SmartFish" */;
			buildPhases = (
				838DDBF22152DA3800FB6C1B /* Sources */,
				838DDBF32152DA3800FB6C1B /* Frameworks */,
				838DDBF42152DA3800FB6C1B /* Resources */,
			);
			buildRules = (
			);
			dependencies = (
			);
			name = SmartFish;
			productName = SmartFish;
			productReference = 838DDBF62152DA3800FB6C1B /* SmartFish.app */;
			productType = "com.apple.product-type.application";
		};
/* End PBXNativeTarget section */

/* Begin PBXProject section */
		838DDBEE2152DA3800FB6C1B /* Project object */ = {
			isa = PBXProject;
			attributes = {
				LastSwiftUpdateCheck = 0940;
				LastUpgradeCheck = 0940;
				ORGANIZATIONNAME = AssistStat;
				TargetAttributes = {
					838DDBF52152DA3800FB6C1B = {
						CreatedOnToolsVersion = 9.4.1;
					};
				};
			};
			buildConfigurationList = 838DDBF12152DA3800FB6C1B /* Build configuration list for PBXProject "SmartFish" */;
			compatibilityVersion = "Xcode 9.3";
			developmentRegion = en;
			hasScannedForEncodings = 0;
			knownRegions = (
				en,
				Base,
			);
			mainGroup = 838DDBED2152DA3800FB6C1B;
			productRefGroup = 838DDBF72152DA3800FB6C1B /* Products */;
			projectDirPath = "";
			projectRoot = "";
			targets = (
				838DDBF52152DA3800FB6C1B /* SmartFish */,
			);
		};
/* End PBXProject section */

/* Begin PBXResourcesBuildPhase section */
		838DDBF42152DA3800FB6C1B /* Resources */ = {
			isa = PBXResourcesBuildPhase;
			buildActionMask = 2147483647;
			files = (
				838DDC072152DA3800FB6C1B /* LaunchScreen.storyboard in Resources */,
				838DDC042152DA3800FB6C1B /* Assets.xcassets in Resources */,
				838DDBFF2152DA3800FB6C1B /* Main.storyboard in Resources */,
			);
			runOnlyForDeploymentPostprocessing = 0;
		};
/* End PBXResourcesBuildPhase section */

/* Begin PBXSourcesBuildPhase section */
		838DDBF22152DA3800FB6C1B /* Sources */ = {
			isa = PBXSourcesBuildPhase;
			buildActionMask = 2147483647;
			files = (
				838DDC022152DA3800FB6C1B /* SmartFish.xcdatamodeld in Sources */,
				838DDBFC2152DA3800FB6C1B /* ViewController.swift in Sources */,
				838DDBFA2152DA3800FB6C1B /* AppDelegate.swift in Sources */,
			);
			runOnlyForDeploymentPostprocessing = 0;
		};
/* End PBXSourcesBuildPhase section */

/* Begin PBXVariantGroup section */
		838DDBFD2152DA3800FB6C1B /* Main.storyboard */ = {
			isa = PBXVariantGroup;
			children = (
				838DDBFE2152DA3800FB6C1B /* Base */,
			);
			name = Main.storyboard;
			sourceTree = "<group>";
		};
		838DDC052152DA3800FB6C1B /* LaunchScreen.storyboard */ = {
			isa = PBXVariantGroup;
			children = (
				838DDC062152DA3800FB6C1B /* Base */,
			);
			name = LaunchScreen.storyboard;
			sourceTree = "<group>";
		};
/* End PBXVariantGroup section */

/* Begin XCBuildConfiguration section */
		838DDC092152DA3800FB6C1B /* Debug */ = {
			isa = XCBuildConfiguration;
			buildSettings = {
				ALWAYS_SEARCH_USER_PATHS = NO;
				CLANG_ANALYZER_NONNULL = YES;
				CLANG_ANALYZER_NUMBER_OBJECT_CONVERSION = YES_AGGRESSIVE;
				CLANG_CXX_LANGUAGE_STANDARD = "gnu++14";
				CLANG_CXX_LIBRARY = "libc++";
				CLANG_ENABLE_MODULES = YES;
				CLANG_ENABLE_OBJC_ARC = YES;
				CLANG_ENABLE_OBJC_WEAK = YES;
				CLANG_WARN_BLOCK_CAPTURE_AUTORELEASING = YES;
				CLANG_WARN_BOOL_CONVERSION = YES;
				CLANG_WARN_COMMA = YES;
				CLANG_WARN_CONSTANT_CONVERSION = YES;
				CLANG_WARN_DEPRECATED_OBJC_IMPLEMENTATIONS = YES;
				CLANG_WARN_DIRECT_OBJC_ISA_USAGE = YES_ERROR;
				CLANG_WARN_DOCUMENTATION_COMMENTS = YES;
				CLANG_WARN_EMPTY_BODY = YES;
				CLANG_WARN_ENUM_CONVERSION = YES;
				CLANG_WARN_INFINITE_RECURSION = YES;
				CLANG_WARN_INT_CONVERSION = YES;
				CLANG_WARN_NON_LITERAL_NULL_CONVERSION = YES;
				CLANG_WARN_OBJC_IMPLICIT_RETAIN_SELF = YES;
				CLANG_WARN_OBJC_LITERAL_CONVERSION = YES;
				CLANG_WARN_OBJC_ROOT_CLASS = YES_ERROR;
				CLANG_WARN_RANGE_LOOP_ANALYSIS = YES;
				CLANG_WARN_STRICT_PROTOTYPES = YES;
				CLANG_WARN_SUSPICIOUS_MOVE = YES;
				CLANG_WARN_UNGUARDED_AVAILABILITY = YES_AGGRESSIVE;
				CLANG_WARN_UNREACHABLE_CODE = YES;
				CLANG_WARN__DUPLICATE_METHOD_MATCH = YES;
				CODE_SIGN_IDENTITY = "iPhone Developer";
				COPY_PHASE_STRIP = NO;
				DEBUG_INFORMATION_FORMAT = dwarf;
				ENABLE_STRICT_OBJC_MSGSEND = YES;
				ENABLE_TESTABILITY = YES;
				GCC_C_LANGUAGE_STANDARD = gnu11;
				GCC_DYNAMIC_NO_PIC = NO;
				GCC_NO_COMMON_BLOCKS = YES;
				GCC_OPTIMIZATION_LEVEL = 0;
				GCC_PREPROCESSOR_DEFINITIONS = (
					"DEBUG=1",
					"$(inherited)",
				);
				GCC_WARN_64_TO_32_BIT_CONVERSION = YES;
				GCC_WARN_ABOUT_RETURN_TYPE = YES_ERROR;
				GCC_WARN_UNDECLARED_SELECTOR = YES;
				GCC_WARN_UNINITIALIZED_AUTOS = YES_AGGRESSIVE;
				GCC_WARN_UNUSED_FUNCTION = YES;
				GCC_WARN_UNUSED_VARIABLE = YES;
				IPHONEOS_DEPLOYMENT_TARGET = 11.4;
				MTL_ENABLE_DEBUG_INFO = YES;
				ONLY_ACTIVE_ARCH = YES;
				SDKROOT = iphoneos;
				SWIFT_ACTIVE_COMPILATION_CONDITIONS = DEBUG;
				SWIFT_OPTIMIZATION_LEVEL = "-Onone";
			};
			name = Debug;
		};
		838DDC0A2152DA3800FB6C1B /* Release */ = {
			isa = XCBuildConfiguration;
			buildSettings = {
				ALWAYS_SEARCH_USER_PATHS = NO;
				CLANG_ANALYZER_NONNULL = YES;
				CLANG_ANALYZER_NUMBER_OBJECT_CONVERSION = YES_AGGRESSIVE;
				CLANG_CXX_LANGUAGE_STANDARD = "gnu++14";
				CLANG_CXX_LIBRARY = "libc++";
				CLANG_ENABLE_MODULES = YES;
				CLANG_ENABLE_OBJC_ARC = YES;
				CLANG_ENABLE_OBJC_WEAK = YES;
				CLANG_WARN_BLOCK_CAPTURE_AUTORELEASING = YES;
				CLANG_WARN_BOOL_CONVERSION = YES;
				CLANG_WARN_COMMA = YES;
				CLANG_WARN_CONSTANT_CONVERSION = YES;
				CLANG_WARN_DEPRECATED_OBJC_IMPLEMENTATIONS = YES;
				CLANG_WARN_DIRECT_OBJC_ISA_USAGE = YES_ERROR;
				CLANG_WARN_DOCUMENTATION_COMMENTS = YES;
				CLANG_WARN_EMPTY_BODY = YES;
				CLANG_WARN_ENUM_CONVERSION = YES;
				CLANG_WARN_INFINITE_RECURSION = YES;
				CLANG_WARN_INT_CONVERSION = YES;
				CLANG_WARN_NON_LITERAL_NULL_CONVERSION = YES;
				CLANG_WARN_OBJC_IMPLICIT_RETAIN_SELF = YES;
				CLANG_WARN_OBJC_LITERAL_CONVERSION = YES;
				CLANG_WARN_OBJC_ROOT_CLASS = YES_ERROR;
				CLANG_WARN_RANGE_LOOP_ANALYSIS = YES;
				CLANG_WARN_STRICT_PROTOTYPES = YES;
				CLANG_WARN_SUSPICIOUS_MOVE = YES;
				CLANG_WARN_UNGUARDED_AVAILABILITY = YES_AGGRESSIVE;
				CLANG_WARN_UNREACHABLE_CODE = YES;
				CLANG_WARN__DUPLICATE_METHOD_MATCH = YES;
				CODE_SIGN_IDENTITY = "iPhone Developer";
				COPY_PHASE_STRIP = NO;
				DEBUG_INFORMATION_FORMAT = "dwarf-with-dsym";
				ENABLE_NS_ASSERTIONS = NO;
				ENABLE_STRICT_OBJC_MSGSEND = YES;
				GCC_C_LANGUAGE_STANDARD = gnu11;
				GCC_NO_COMMON_BLOCKS = YES;
				GCC_WARN_64_TO_32_BIT_CONVERSION = YES;
				GCC_WARN_ABOUT_RETURN_TYPE = YES_ERROR;
				GCC_WARN_UNDECLARED_SELECTOR = YES;
				GCC_WARN_UNINITIALIZED_AUTOS = YES_AGGRESSIVE;
				GCC_WARN_UNUSED_FUNCTION = YES;
				GCC_WARN_UNUSED_VARIABLE = YES;
				IPHONEOS_DEPLOYMENT_TARGET = 11.4;
				MTL_ENABLE_DEBUG_INFO = NO;
				SDKROOT = iphoneos;
				SWIFT_COMPILATION_MODE = wholemodule;
				SWIFT_OPTIMIZATION_LEVEL = "-O";
				VALIDATE_PRODUCT = YES;
			};
			name = Release;
		};
		838DDC0C2152DA3800FB6C1B /* Debug */ = {
			isa = XCBuildConfiguration;
			buildSettings = {
				ASSETCATALOG_COMPILER_APPICON_NAME = AppIcon;
				CODE_SIGN_STYLE = Automatic;
				DEVELOPMENT_TEAM = 84LWTY6T5F;
				INFOPLIST_FILE = SmartFish/Info.plist;
				LD_RUNPATH_SEARCH_PATHS = (
					"$(inherited)",
					"@executable_path/Frameworks",
				);
				PRODUCT_BUNDLE_IDENTIFIER = com.AssistStat.SmartFish;
				PRODUCT_NAME = "$(TARGET_NAME)";
				SWIFT_VERSION = 4.0;
				TARGETED_DEVICE_FAMILY = "1,2";
			};
			name = Debug;
		};
		838DDC0D2152DA3800FB6C1B /* Release */ = {
			isa = XCBuildConfiguration;
			buildSettings = {
				ASSETCATALOG_COMPILER_APPICON_NAME = AppIcon;
				CODE_SIGN_STYLE = Automatic;
				DEVELOPMENT_TEAM = 84LWTY6T5F;
				INFOPLIST_FILE = SmartFish/Info.plist;
				LD_RUNPATH_SEARCH_PATHS = (
					"$(inherited)",
					"@executable_path/Frameworks",
				);
				PRODUCT_BUNDLE_IDENTIFIER = com.AssistStat.SmartFish;
				PRODUCT_NAME = "$(TARGET_NAME)";
				SWIFT_VERSION = 4.0;
				TARGETED_DEVICE_FAMILY = "1,2";
			};
			name = Release;
		};
/* End XCBuildConfiguration section */

/* Begin XCConfigurationList section */
		838DDBF12152DA3800FB6C1B /* Build configuration list for PBXProject "SmartFish" */ = {
			isa = XCConfigurationList;
			buildConfigurations = (
				838DDC092152DA3800FB6C1B /* Debug */,
				838DDC0A2152DA3800FB6C1B /* Release */,
			);
			defaultConfigurationIsVisible = 0;
			defaultConfigurationName = Release;
		};
		838DDC0B2152DA3800FB6C1B /* Build configuration list for PBXNativeTarget "SmartFish" */ = {
			isa = XCConfigurationList;
			buildConfigurations = (
				838DDC0C2152DA3800FB6C1B /* Debug */,
				838DDC0D2152DA3800FB6C1B /* Release */,
			);
			defaultConfigurationIsVisible = 0;
			defaultConfigurationName = Release;
		};
/* End XCConfigurationList section */

/* Begin XCVersionGroup section */
		838DDC002152DA3800FB6C1B /* SmartFish.xcdatamodeld */ = {
			isa = XCVersionGroup;
			children = (
				838DDC012152DA3800FB6C1B /* SmartFish.xcdatamodel */,
			);
			currentVersion = 838DDC012152DA3800FB6C1B /* SmartFish.xcdatamodel */;
			path = SmartFish.xcdatamodeld;
			sourceTree = "<group>";
			versionGroupType = wrapper.xcdatamodel;
		};
/* End XCVersionGroup section */
	};
	rootObject = 838DDBEE2152DA3800FB6C1B /* Project object */;
}
